{
  "nodes": {
    "naersk": {
      "inputs": {
        "nixpkgs": "nixpkgs"
      },
      "locked": {
        "lastModified": 1639947939,
        "narHash": "sha256-pGsM8haJadVP80GFq4xhnSpNitYNQpaXk4cnA796Cso=",
        "owner": "nmattia",
        "repo": "naersk",
        "rev": "2fc8ce9d3c025d59fee349c1f80be9785049d653",
        "type": "github"
      },
      "original": {
        "owner": "nmattia",
        "repo": "naersk",
        "type": "github"
      }
    },
    "nixpkgs": {
      "locked": {
        "lastModified": 1640725200,
        "narHash": "sha256-yR8clhRTt1OBFojyBaNnNgD+om51nhuJ1OLqWqdY2Ow=",
        "path": "/nix/store/d7mvrihls181pg69cs9m39sr2ixbdgxz-source",
        "rev": "eaeea6e9337b93d2acb7c2aa27e3f4617408375a",
        "type": "path"
      },
      "original": {
        "id": "nixpkgs",
        "type": "indirect"
      }
    },
    "nixpkgs_2": {
      "locked": {
        "lastModified": 1641818001,
        "narHash": "sha256-QrR/oYc6VZGt7JjkRLoOEJb3g3heNz9/oYfVsizwLt0=",
        "owner": "nixos",
        "repo": "nixpkgs",
        "rev": "474ff276cf61e815cbc0583f64516b1deacf027c",
        "type": "github"
      },
      "original": {
        "owner": "nixos",
        "repo": "nixpkgs",
        "type": "github"
      }
    },
    "root": {
      "inputs": {
        "naersk": "naersk",
        "nixpkgs": "nixpkgs_2"
      }
    }
  },
  "root": "root",
  "version": 7
}
